# This file is automatically @generated by Cargo.
# It is not intended for manual editing.
version = 3

[[package]]
name = "flipperzero"
version = "0.7.2"
source = "registry+https://github.com/rust-lang/crates.io-index"
checksum = "a3661063072529303c899ef94ab83f04072c963f116b2006ae39933682ab32d3"
dependencies = [
 "flipperzero-sys",
]

[[package]]
name = "flipperzero-rt"
version = "0.7.2"
source = "registry+https://github.com/rust-lang/crates.io-index"
checksum = "64c8b6d57f551c9b900f7a5d49945f1c7c94678e581956558627f0bf6de89551"
dependencies = [
 "flipperzero-sys",
]

[[package]]
name = "flipperzero-sys"
version = "0.7.2"
source = "registry+https://github.com/rust-lang/crates.io-index"
checksum = "2315b8e57847c5f69dea5e22e844320fd988f6090f563e504303069c808fc33a"

[[package]]
name = "hello-rust"
version = "0.1.0"
dependencies = [
 "flipperzero",
 "flipperzero-rt",
 "flipperzero-sys",
]
